
Microsoft Visual Studio Solution File, Format Version 12.00
# Visual Studio Version 17
VisualStudioVersion = 17.5.33516.290
MinimumVisualStudioVersion = 10.0.40219.1
Project("{FAE04EC0-301F-11D3-BF4B-00C04F79EFBC}") = "ConfigMgr Inventory", "ConfigMgr Inventory.csproj", "{42CE5282-64BF-40DD-AEA2-A7629B47A903}"
EndProject
Global
	GlobalSection(SolutionConfigurationPlatforms) = preSolution
		Debug|Any CPU = Debug|Any CPU
		Release|Any CPU = Release|Any CPU
	EndGlobalSection
	GlobalSection(ProjectConfigurationPlatforms) = postSolution
		{42CE5282-64BF-40DD-AEA2-A7629B47A903}.Debug|Any CPU.ActiveCfg = Debug|Any CPU
		{42CE5282-64BF-40DD-AEA2-A7629B47A903}.Debug|Any CPU.Build.0 = Debug|Any CPU
		{42CE5282-64BF-40DD-AEA2-A7629B47A903}.Release|Any CPU.ActiveCfg = Release|Any CPU
		{42CE5282-64BF-40DD-AEA2-A7629B47A903}.Release|Any CPU.Build.0 = Release|Any CPU
	EndGlobalSection
	GlobalSection(SolutionProperties) = preSolution
		HideSolutionNode = FALSE
	EndGlobalSection
	GlobalSection(ExtensibilityGlobals) = postSolution
		SolutionGuid = {AEF4D42E-9A03-4A1E-B25E-6D35F04D21CB}
	EndGlobalSection
EndGlobal
